
Microsoft Visual Studio Solution File, Format Version 12.00
# Visual Studio Version 17
VisualStudioVersion = 17.7.34009.444
MinimumVisualStudioVersion = 10.0.40219.1
Project("{FAE04EC0-301F-11D3-BF4B-00C04F79EFBC}") = "revision", "revision\revision.csproj", "{AD84AEF4-D10C-4178-9117-8FA247555CC2}"
EndProject
Global
	GlobalSection(SolutionConfigurationPlatforms) = preSolution
		Debug|Any CPU = Debug|Any CPU
		Release|Any CPU = Release|Any CPU
	EndGlobalSection
	GlobalSection(ProjectConfigurationPlatforms) = postSolution
		{AD84AEF4-D10C-4178-9117-8FA247555CC2}.Debug|Any CPU.ActiveCfg = Debug|Any CPU
		{AD84AEF4-D10C-4178-9117-8FA247555CC2}.Debug|Any CPU.Build.0 = Debug|Any CPU
		{AD84AEF4-D10C-4178-9117-8FA247555CC2}.Release|Any CPU.ActiveCfg = Release|Any CPU
		{AD84AEF4-D10C-4178-9117-8FA247555CC2}.Release|Any CPU.Build.0 = Release|Any CPU
	EndGlobalSection
	GlobalSection(SolutionProperties) = preSolution
		HideSolutionNode = FALSE
	EndGlobalSection
	GlobalSection(ExtensibilityGlobals) = postSolution
		SolutionGuid = {A0B75C6C-EAE9-409D-838F-47D2660B7120}
	EndGlobalSection
EndGlobal
